// !$*UTF8*$!
{
	archiveVersion = 1;
	classes = {
	};
	objectVersion = 56;
	objects = {

/* Begin PBXBuildFile section */
		65500B3C2A1365380007F7C9 /* OpenAIKit in Frameworks */ = {isa = PBXBuildFile; productRef = 65500B3B2A1365380007F7C9 /* OpenAIKit */; };
		65500B412A136B7F0007F7C9 /* OpenAISwift in Frameworks */ = {isa = PBXBuildFile; productRef = 65500B402A136B7F0007F7C9 /* OpenAISwift */; };
		65500B432A136BBC0007F7C9 /* APICaller.swift in Sources */ = {isa = PBXBuildFile; fileRef = 65500B422A136BBC0007F7C9 /* APICaller.swift */; };
		65D5B9F82A0A2C0100307B35 /* AppDelegate.swift in Sources */ = {isa = PBXBuildFile; fileRef = 65D5B9F72A0A2C0100307B35 /* AppDelegate.swift */; };
		65D5B9FA2A0A2C0100307B35 /* SceneDelegate.swift in Sources */ = {isa = PBXBuildFile; fileRef = 65D5B9F92A0A2C0100307B35 /* SceneDelegate.swift */; };
		65D5B9FC2A0A2C0100307B35 /* ViewController.swift in Sources */ = {isa = PBXBuildFile; fileRef = 65D5B9FB2A0A2C0100307B35 /* ViewController.swift */; };
		65D5B9FF2A0A2C0100307B35 /* Main.storyboard in Resources */ = {isa = PBXBuildFile; fileRef = 65D5B9FD2A0A2C0100307B35 /* Main.storyboard */; };
		65D5BA012A0A2C0300307B35 /* Assets.xcassets in Resources */ = {isa = PBXBuildFile; fileRef = 65D5BA002A0A2C0300307B35 /* Assets.xcassets */; };
		65D5BA042A0A2C0300307B35 /* LaunchScreen.storyboard in Resources */ = {isa = PBXBuildFile; fileRef = 65D5BA022A0A2C0300307B35 /* LaunchScreen.storyboard */; };
		781D96F22A24F600008515D4 /* UpdatePantryItemController.swift in Sources */ = {isa = PBXBuildFile; fileRef = 781D96F12A24F600008515D4 /* UpdatePantryItemController.swift */; };
		78A170452A2495C700614B62 /* AddDirectItemViewController.swift in Sources */ = {isa = PBXBuildFile; fileRef = 78A170442A2495C700614B62 /* AddDirectItemViewController.swift */; };
		78BCF40E2A136D8F00FA93C9 /* RecipeAddViewController.swift in Sources */ = {isa = PBXBuildFile; fileRef = 78BCF4042A136D8E00FA93C9 /* RecipeAddViewController.swift */; };
		78BCF4102A136D8F00FA93C9 /* AddItemViewController.swift in Sources */ = {isa = PBXBuildFile; fileRef = 78BCF4062A136D8E00FA93C9 /* AddItemViewController.swift */; };
		78BCF4122A136D8F00FA93C9 /* PantryViewController.swift in Sources */ = {isa = PBXBuildFile; fileRef = 78BCF4082A136D8E00FA93C9 /* PantryViewController.swift */; };
		78BCF4132A136D8F00FA93C9 /* RecipeChatGPTViewController.swift in Sources */ = {isa = PBXBuildFile; fileRef = 78BCF4092A136D8E00FA93C9 /* RecipeChatGPTViewController.swift */; };
		78BCF4142A136D8F00FA93C9 /* RecipePreferencesViewController.swift in Sources */ = {isa = PBXBuildFile; fileRef = 78BCF40A2A136D8F00FA93C9 /* RecipePreferencesViewController.swift */; };
		78BCF4152A136D8F00FA93C9 /* RecipeRecentViewController.swift in Sources */ = {isa = PBXBuildFile; fileRef = 78BCF40B2A136D8F00FA93C9 /* RecipeRecentViewController.swift */; };
		78BCF4162A136D8F00FA93C9 /* ShoppingListViewController.swift in Sources */ = {isa = PBXBuildFile; fileRef = 78BCF40C2A136D8F00FA93C9 /* ShoppingListViewController.swift */; };
		78BCF4172A136D8F00FA93C9 /* RecipeSearchViewController.swift in Sources */ = {isa = PBXBuildFile; fileRef = 78BCF40D2A136D8F00FA93C9 /* RecipeSearchViewController.swift */; };
		78DE3A712A136A320024BA10 /* RecipeViewController.swift in Sources */ = {isa = PBXBuildFile; fileRef = 78DE3A702A136A320024BA10 /* RecipeViewController.swift */; };
		829E594E2A1CB382000FFCCE /* CoreXLSX in Frameworks */ = {isa = PBXBuildFile; productRef = 829E594D2A1CB382000FFCCE /* CoreXLSX */; };
		829E59512A1CB391000FFCCE /* SQLite in Frameworks */ = {isa = PBXBuildFile; productRef = 829E59502A1CB391000FFCCE /* SQLite */; };
		829E595E2A1CB58C000FFCCE /* DBSetup.swift in Sources */ = {isa = PBXBuildFile; fileRef = 829E595D2A1CB58C000FFCCE /* DBSetup.swift */; };
		829E59602A1CB59A000FFCCE /* Release 2 - Food Details.xlsx in Resources */ = {isa = PBXBuildFile; fileRef = 829E595F2A1CB59A000FFCCE /* Release 2 - Food Details.xlsx */; };
		82F04D6A2A23403700779EA8 /* IngredientsAndCategories.xlsx in Resources */ = {isa = PBXBuildFile; fileRef = 82F04D692A23403700779EA8 /* IngredientsAndCategories.xlsx */; };
		C20B1B312A22DFAD00277A03 /* DB_action.swift in Sources */ = {isa = PBXBuildFile; fileRef = C20B1B302A22DFAD00277A03 /* DB_action.swift */; };
		C2159ACB2A23F64A00030C52 /* DB_update.swift in Sources */ = {isa = PBXBuildFile; fileRef = C2159ACA2A23F64A00030C52 /* DB_update.swift */; };
		C28A9D242A17AFD0004AA244 /* AppUser.swift in Sources */ = {isa = PBXBuildFile; fileRef = C28A9D232A17AFD0004AA244 /* AppUser.swift */; };
		C28A9D262A17B00F004AA244 /* AppPantry.swift in Sources */ = {isa = PBXBuildFile; fileRef = C28A9D252A17B00F004AA244 /* AppPantry.swift */; };
		C2FD437B2A1C72E0006F864C /* Ingredients.swift in Sources */ = {isa = PBXBuildFile; fileRef = C2FD437A2A1C72E0006F864C /* Ingredients.swift */; };
		C2FD437D2A1C7C81006F864C /* Recipe.swift in Sources */ = {isa = PBXBuildFile; fileRef = C2FD437C2A1C7C81006F864C /* Recipe.swift */; };
		C2FD437F2A1C80D5006F864C /* RecipeLog.swift in Sources */ = {isa = PBXBuildFile; fileRef = C2FD437E2A1C80D5006F864C /* RecipeLog.swift */; };
		C2FD43812A1C8375006F864C /* FoodCategory.swift in Sources */ = {isa = PBXBuildFile; fileRef = C2FD43802A1C8375006F864C /* FoodCategory.swift */; };
		C2FD43832A1C8520006F864C /* AllergyCategory.swift in Sources */ = {isa = PBXBuildFile; fileRef = C2FD43822A1C8520006F864C /* AllergyCategory.swift */; };
		C2FD43852A1C87C5006F864C /* DietCategory.swift in Sources */ = {isa = PBXBuildFile; fileRef = C2FD43842A1C87C5006F864C /* DietCategory.swift */; };
		C2FD43872A1C89A3006F864C /* Preferences.swift in Sources */ = {isa = PBXBuildFile; fileRef = C2FD43862A1C89A3006F864C /* Preferences.swift */; };
		C2FD43892A1C8E3F006F864C /* Ingred_Allergy.swift in Sources */ = {isa = PBXBuildFile; fileRef = C2FD43882A1C8E3F006F864C /* Ingred_Allergy.swift */; };
		C2FD438B2A1C9338006F864C /* Recipe_Ingredient.swift in Sources */ = {isa = PBXBuildFile; fileRef = C2FD438A2A1C9338006F864C /* Recipe_Ingredient.swift */; };
		C2FD438D2A1C97DF006F864C /* RecipeDiet.swift in Sources */ = {isa = PBXBuildFile; fileRef = C2FD438C2A1C97DF006F864C /* RecipeDiet.swift */; };
		C2FD438F2A1C9DE1006F864C /* SectionOfPantry.swift in Sources */ = {isa = PBXBuildFile; fileRef = C2FD438E2A1C9DE1006F864C /* SectionOfPantry.swift */; };
/* End PBXBuildFile section */

/* Begin PBXFileReference section */
		65500B422A136BBC0007F7C9 /* APICaller.swift */ = {isa = PBXFileReference; lastKnownFileType = sourcecode.swift; path = APICaller.swift; sourceTree = "<group>"; };
		65D5B9F42A0A2C0100307B35 /* Digital Pantry.app */ = {isa = PBXFileReference; explicitFileType = wrapper.application; includeInIndex = 0; path = "Digital Pantry.app"; sourceTree = BUILT_PRODUCTS_DIR; };
		65D5B9F72A0A2C0100307B35 /* AppDelegate.swift */ = {isa = PBXFileReference; lastKnownFileType = sourcecode.swift; path = AppDelegate.swift; sourceTree = "<group>"; };
		65D5B9F92A0A2C0100307B35 /* SceneDelegate.swift */ = {isa = PBXFileReference; lastKnownFileType = sourcecode.swift; path = SceneDelegate.swift; sourceTree = "<group>"; };
		65D5B9FB2A0A2C0100307B35 /* ViewController.swift */ = {isa = PBXFileReference; lastKnownFileType = sourcecode.swift; path = ViewController.swift; sourceTree = "<group>"; };
		65D5B9FE2A0A2C0100307B35 /* Base */ = {isa = PBXFileReference; lastKnownFileType = file.storyboard; name = Base; path = Base.lproj/Main.storyboard; sourceTree = "<group>"; };
		65D5BA002A0A2C0300307B35 /* Assets.xcassets */ = {isa = PBXFileReference; lastKnownFileType = folder.assetcatalog; path = Assets.xcassets; sourceTree = "<group>"; };
		65D5BA032A0A2C0300307B35 /* Base */ = {isa = PBXFileReference; lastKnownFileType = file.storyboard; name = Base; path = Base.lproj/LaunchScreen.storyboard; sourceTree = "<group>"; };
		65D5BA052A0A2C0300307B35 /* Info.plist */ = {isa = PBXFileReference; lastKnownFileType = text.plist.xml; path = Info.plist; sourceTree = "<group>"; };
		781D96F12A24F600008515D4 /* UpdatePantryItemController.swift */ = {isa = PBXFileReference; lastKnownFileType = sourcecode.swift; path = UpdatePantryItemController.swift; sourceTree = "<group>"; };
		78A170442A2495C700614B62 /* AddDirectItemViewController.swift */ = {isa = PBXFileReference; lastKnownFileType = sourcecode.swift; path = AddDirectItemViewController.swift; sourceTree = "<group>"; };
		78BCF4042A136D8E00FA93C9 /* RecipeAddViewController.swift */ = {isa = PBXFileReference; fileEncoding = 4; lastKnownFileType = sourcecode.swift; path = RecipeAddViewController.swift; sourceTree = "<group>"; };
		78BCF4062A136D8E00FA93C9 /* AddItemViewController.swift */ = {isa = PBXFileReference; fileEncoding = 4; lastKnownFileType = sourcecode.swift; path = AddItemViewController.swift; sourceTree = "<group>"; };
		78BCF4082A136D8E00FA93C9 /* PantryViewController.swift */ = {isa = PBXFileReference; fileEncoding = 4; lastKnownFileType = sourcecode.swift; path = PantryViewController.swift; sourceTree = "<group>"; };
		78BCF4092A136D8E00FA93C9 /* RecipeChatGPTViewController.swift */ = {isa = PBXFileReference; fileEncoding = 4; lastKnownFileType = sourcecode.swift; path = RecipeChatGPTViewController.swift; sourceTree = "<group>"; };
		78BCF40A2A136D8F00FA93C9 /* RecipePreferencesViewController.swift */ = {isa = PBXFileReference; fileEncoding = 4; lastKnownFileType = sourcecode.swift; path = RecipePreferencesViewController.swift; sourceTree = "<group>"; };
		78BCF40B2A136D8F00FA93C9 /* RecipeRecentViewController.swift */ = {isa = PBXFileReference; fileEncoding = 4; lastKnownFileType = sourcecode.swift; path = RecipeRecentViewController.swift; sourceTree = "<group>"; };
		78BCF40C2A136D8F00FA93C9 /* ShoppingListViewController.swift */ = {isa = PBXFileReference; fileEncoding = 4; lastKnownFileType = sourcecode.swift; path = ShoppingListViewController.swift; sourceTree = "<group>"; };
		78BCF40D2A136D8F00FA93C9 /* RecipeSearchViewController.swift */ = {isa = PBXFileReference; fileEncoding = 4; lastKnownFileType = sourcecode.swift; path = RecipeSearchViewController.swift; sourceTree = "<group>"; };
		78DE3A702A136A320024BA10 /* RecipeViewController.swift */ = {isa = PBXFileReference; lastKnownFileType = sourcecode.swift; path = RecipeViewController.swift; sourceTree = "<group>"; };
		829E595D2A1CB58C000FFCCE /* DBSetup.swift */ = {isa = PBXFileReference; fileEncoding = 4; lastKnownFileType = sourcecode.swift; path = DBSetup.swift; sourceTree = "<group>"; };
		829E595F2A1CB59A000FFCCE /* Release 2 - Food Details.xlsx */ = {isa = PBXFileReference; lastKnownFileType = file; path = "Release 2 - Food Details.xlsx"; sourceTree = "<group>"; };
		82F04D692A23403700779EA8 /* IngredientsAndCategories.xlsx */ = {isa = PBXFileReference; lastKnownFileType = file; path = IngredientsAndCategories.xlsx; sourceTree = "<group>"; };
		C20B1B302A22DFAD00277A03 /* DB_action.swift */ = {isa = PBXFileReference; lastKnownFileType = sourcecode.swift; path = DB_action.swift; sourceTree = "<group>"; };
		C2159ACA2A23F64A00030C52 /* DB_update.swift */ = {isa = PBXFileReference; lastKnownFileType = sourcecode.swift; path = DB_update.swift; sourceTree = "<group>"; };
		C28A9D232A17AFD0004AA244 /* AppUser.swift */ = {isa = PBXFileReference; lastKnownFileType = sourcecode.swift; path = AppUser.swift; sourceTree = "<group>"; };
		C28A9D252A17B00F004AA244 /* AppPantry.swift */ = {isa = PBXFileReference; lastKnownFileType = sourcecode.swift; path = AppPantry.swift; sourceTree = "<group>"; };
		C28B2CB92A1C28F600AC4A46 /* en */ = {isa = PBXFileReference; lastKnownFileType = text.plist.strings; name = en; path = en.lproj/Main.strings; sourceTree = "<group>"; };
		C2FD437A2A1C72E0006F864C /* Ingredients.swift */ = {isa = PBXFileReference; lastKnownFileType = sourcecode.swift; path = Ingredients.swift; sourceTree = "<group>"; };
		C2FD437C2A1C7C81006F864C /* Recipe.swift */ = {isa = PBXFileReference; lastKnownFileType = sourcecode.swift; path = Recipe.swift; sourceTree = "<group>"; };
		C2FD437E2A1C80D5006F864C /* RecipeLog.swift */ = {isa = PBXFileReference; lastKnownFileType = sourcecode.swift; path = RecipeLog.swift; sourceTree = "<group>"; };
		C2FD43802A1C8375006F864C /* FoodCategory.swift */ = {isa = PBXFileReference; lastKnownFileType = sourcecode.swift; path = FoodCategory.swift; sourceTree = "<group>"; };
		C2FD43822A1C8520006F864C /* AllergyCategory.swift */ = {isa = PBXFileReference; lastKnownFileType = sourcecode.swift; path = AllergyCategory.swift; sourceTree = "<group>"; };
		C2FD43842A1C87C5006F864C /* DietCategory.swift */ = {isa = PBXFileReference; lastKnownFileType = sourcecode.swift; path = DietCategory.swift; sourceTree = "<group>"; };
		C2FD43862A1C89A3006F864C /* Preferences.swift */ = {isa = PBXFileReference; lastKnownFileType = sourcecode.swift; path = Preferences.swift; sourceTree = "<group>"; };
		C2FD43882A1C8E3F006F864C /* Ingred_Allergy.swift */ = {isa = PBXFileReference; lastKnownFileType = sourcecode.swift; path = Ingred_Allergy.swift; sourceTree = "<group>"; };
		C2FD438A2A1C9338006F864C /* Recipe_Ingredient.swift */ = {isa = PBXFileReference; lastKnownFileType = sourcecode.swift; path = Recipe_Ingredient.swift; sourceTree = "<group>"; };
		C2FD438C2A1C97DF006F864C /* RecipeDiet.swift */ = {isa = PBXFileReference; lastKnownFileType = sourcecode.swift; path = RecipeDiet.swift; sourceTree = "<group>"; };
		C2FD438E2A1C9DE1006F864C /* SectionOfPantry.swift */ = {isa = PBXFileReference; lastKnownFileType = sourcecode.swift; path = SectionOfPantry.swift; sourceTree = "<group>"; };
/* End PBXFileReference section */

/* Begin PBXFrameworksBuildPhase section */
		65D5B9F12A0A2C0100307B35 /* Frameworks */ = {
			isa = PBXFrameworksBuildPhase;
			buildActionMask = 2147483647;
			files = (
				829E59512A1CB391000FFCCE /* SQLite in Frameworks */,
				829E594E2A1CB382000FFCCE /* CoreXLSX in Frameworks */,
				65500B412A136B7F0007F7C9 /* OpenAISwift in Frameworks */,
				65500B3C2A1365380007F7C9 /* OpenAIKit in Frameworks */,
			);
			runOnlyForDeploymentPostprocessing = 0;
		};
/* End PBXFrameworksBuildPhase section */

/* Begin PBXGroup section */
		6540E7E92A138856007352FF /* Recovered References */ = {
			isa = PBXGroup;
			children = (
			);
			name = "Recovered References";
			sourceTree = "<group>";
		};
		65D5B9EB2A0A2C0100307B35 = {
			isa = PBXGroup;
			children = (
				65D5B9F62A0A2C0100307B35 /* Digital Pantry */,
				65D5B9F52A0A2C0100307B35 /* Products */,
				6540E7E92A138856007352FF /* Recovered References */,
			);
			sourceTree = "<group>";
		};
		65D5B9F52A0A2C0100307B35 /* Products */ = {
			isa = PBXGroup;
			children = (
				65D5B9F42A0A2C0100307B35 /* Digital Pantry.app */,
			);
			name = Products;
			sourceTree = "<group>";
		};
		65D5B9F62A0A2C0100307B35 /* Digital Pantry */ = {
			isa = PBXGroup;
			children = (
				829E595C2A1CB57C000FFCCE /* Resources */,
				C2E123962A138A4900A97CC1 /* Model */,
				65D5B9F72A0A2C0100307B35 /* AppDelegate.swift */,
				65D5B9F92A0A2C0100307B35 /* SceneDelegate.swift */,
				78DE3A6F2A136A060024BA10 /* Controllers */,
				65D5B9FD2A0A2C0100307B35 /* Main.storyboard */,
				65D5BA002A0A2C0300307B35 /* Assets.xcassets */,
				65D5BA022A0A2C0300307B35 /* LaunchScreen.storyboard */,
				65D5BA052A0A2C0300307B35 /* Info.plist */,
				65500B422A136BBC0007F7C9 /* APICaller.swift */,
			);
			path = "Digital Pantry";
			sourceTree = "<group>";
		};
		78DE3A6F2A136A060024BA10 /* Controllers */ = {
			isa = PBXGroup;
			children = (
				65D5B9FB2A0A2C0100307B35 /* ViewController.swift */,
				78DE3A702A136A320024BA10 /* RecipeViewController.swift */,
				78BCF4062A136D8E00FA93C9 /* AddItemViewController.swift */,
				78BCF4082A136D8E00FA93C9 /* PantryViewController.swift */,
				78BCF4042A136D8E00FA93C9 /* RecipeAddViewController.swift */,
				78BCF4092A136D8E00FA93C9 /* RecipeChatGPTViewController.swift */,
				78BCF40A2A136D8F00FA93C9 /* RecipePreferencesViewController.swift */,
				78BCF40B2A136D8F00FA93C9 /* RecipeRecentViewController.swift */,
				78BCF40D2A136D8F00FA93C9 /* RecipeSearchViewController.swift */,
				78BCF40C2A136D8F00FA93C9 /* ShoppingListViewController.swift */,
				78A170442A2495C700614B62 /* AddDirectItemViewController.swift */,
				781D96F12A24F600008515D4 /* UpdatePantryItemController.swift */,
			);
			path = Controllers;
			sourceTree = "<group>";
		};
		829E595C2A1CB57C000FFCCE /* Resources */ = {
			isa = PBXGroup;
			children = (
				82F04D692A23403700779EA8 /* IngredientsAndCategories.xlsx */,
				829E595F2A1CB59A000FFCCE /* Release 2 - Food Details.xlsx */,
			);
			path = Resources;
			sourceTree = "<group>";
		};
		C29E8DB42A2237D400D51738 /* DAO */ = {
			isa = PBXGroup;
			children = (
				829E595D2A1CB58C000FFCCE /* DBSetup.swift */,
				C20B1B302A22DFAD00277A03 /* DB_action.swift */,
				C2159ACA2A23F64A00030C52 /* DB_update.swift */,
			);
			path = DAO;
			sourceTree = "<group>";
		};
		C2E123962A138A4900A97CC1 /* Model */ = {
			isa = PBXGroup;
			children = (
				C29E8DB42A2237D400D51738 /* DAO */,
				C28A9D232A17AFD0004AA244 /* AppUser.swift */,
				C28A9D252A17B00F004AA244 /* AppPantry.swift */,
				C2FD437A2A1C72E0006F864C /* Ingredients.swift */,
				C2FD437C2A1C7C81006F864C /* Recipe.swift */,
				C2FD437E2A1C80D5006F864C /* RecipeLog.swift */,
				C2FD43802A1C8375006F864C /* FoodCategory.swift */,
				C2FD43822A1C8520006F864C /* AllergyCategory.swift */,
				C2FD43842A1C87C5006F864C /* DietCategory.swift */,
				C2FD43862A1C89A3006F864C /* Preferences.swift */,
				C2FD43882A1C8E3F006F864C /* Ingred_Allergy.swift */,
				C2FD438A2A1C9338006F864C /* Recipe_Ingredient.swift */,
				C2FD438C2A1C97DF006F864C /* RecipeDiet.swift */,
				C2FD438E2A1C9DE1006F864C /* SectionOfPantry.swift */,
			);
			path = Model;
			sourceTree = "<group>";
		};
/* End PBXGroup section */

/* Begin PBXNativeTarget section */
		65D5B9F32A0A2C0100307B35 /* Digital Pantry */ = {
			isa = PBXNativeTarget;
			buildConfigurationList = 65D5BA082A0A2C0300307B35 /* Build configuration list for PBXNativeTarget "Digital Pantry" */;
			buildPhases = (
				65D5B9F02A0A2C0100307B35 /* Sources */,
				65D5B9F12A0A2C0100307B35 /* Frameworks */,
				65D5B9F22A0A2C0100307B35 /* Resources */,
			);
			buildRules = (
			);
			dependencies = (
			);
			name = "Digital Pantry";
			packageProductDependencies = (
				65500B3B2A1365380007F7C9 /* OpenAIKit */,
				65500B402A136B7F0007F7C9 /* OpenAISwift */,
				829E594D2A1CB382000FFCCE /* CoreXLSX */,
				829E59502A1CB391000FFCCE /* SQLite */,
			);
			productName = "Digital Pantry";
			productReference = 65D5B9F42A0A2C0100307B35 /* Digital Pantry.app */;
			productType = "com.apple.product-type.application";
		};
/* End PBXNativeTarget section */

/* Begin PBXProject section */
		65D5B9EC2A0A2C0100307B35 /* Project object */ = {
			isa = PBXProject;
			attributes = {
				BuildIndependentTargetsInParallel = 1;
				LastSwiftUpdateCheck = 1430;
				LastUpgradeCheck = 1430;
				TargetAttributes = {
					65D5B9F32A0A2C0100307B35 = {
						CreatedOnToolsVersion = 14.3;
					};
				};
			};
			buildConfigurationList = 65D5B9EF2A0A2C0100307B35 /* Build configuration list for PBXProject "Digital Pantry" */;
			compatibilityVersion = "Xcode 14.0";
			developmentRegion = en;
			hasScannedForEncodings = 0;
			knownRegions = (
				en,
				Base,
			);
			mainGroup = 65D5B9EB2A0A2C0100307B35;
			packageReferences = (
				65500B3A2A1365380007F7C9 /* XCRemoteSwiftPackageReference "openai-kit" */,
				65500B3F2A136B7F0007F7C9 /* XCRemoteSwiftPackageReference "OpenAISwift" */,
				829E594C2A1CB382000FFCCE /* XCRemoteSwiftPackageReference "CoreXLSX" */,
				829E594F2A1CB391000FFCCE /* XCRemoteSwiftPackageReference "SQLite.swift" */,
			);
			productRefGroup = 65D5B9F52A0A2C0100307B35 /* Products */;
			projectDirPath = "";
			projectRoot = "";
			targets = (
				65D5B9F32A0A2C0100307B35 /* Digital Pantry */,
			);
		};
/* End PBXProject section */

/* Begin PBXResourcesBuildPhase section */
		65D5B9F22A0A2C0100307B35 /* Resources */ = {
			isa = PBXResourcesBuildPhase;
			buildActionMask = 2147483647;
			files = (
				82F04D6A2A23403700779EA8 /* IngredientsAndCategories.xlsx in Resources */,
				829E59602A1CB59A000FFCCE /* Release 2 - Food Details.xlsx in Resources */,
				65D5BA042A0A2C0300307B35 /* LaunchScreen.storyboard in Resources */,
				65D5BA012A0A2C0300307B35 /* Assets.xcassets in Resources */,
				65D5B9FF2A0A2C0100307B35 /* Main.storyboard in Resources */,
			);
			runOnlyForDeploymentPostprocessing = 0;
		};
/* End PBXResourcesBuildPhase section */

/* Begin PBXSourcesBuildPhase section */
		65D5B9F02A0A2C0100307B35 /* Sources */ = {
			isa = PBXSourcesBuildPhase;
			buildActionMask = 2147483647;
			files = (
				78DE3A712A136A320024BA10 /* RecipeViewController.swift in Sources */,
				C2FD43852A1C87C5006F864C /* DietCategory.swift in Sources */,
				78BCF40E2A136D8F00FA93C9 /* RecipeAddViewController.swift in Sources */,
				78BCF4172A136D8F00FA93C9 /* RecipeSearchViewController.swift in Sources */,
				C2FD43812A1C8375006F864C /* FoodCategory.swift in Sources */,
				78BCF4152A136D8F00FA93C9 /* RecipeRecentViewController.swift in Sources */,
				C2FD438B2A1C9338006F864C /* Recipe_Ingredient.swift in Sources */,
				C2FD438D2A1C97DF006F864C /* RecipeDiet.swift in Sources */,
				781D96F22A24F600008515D4 /* UpdatePantryItemController.swift in Sources */,
				65D5B9FC2A0A2C0100307B35 /* ViewController.swift in Sources */,
				65500B432A136BBC0007F7C9 /* APICaller.swift in Sources */,
				78A170452A2495C700614B62 /* AddDirectItemViewController.swift in Sources */,
				65D5B9F82A0A2C0100307B35 /* AppDelegate.swift in Sources */,
				C2FD437F2A1C80D5006F864C /* RecipeLog.swift in Sources */,
				C2FD437B2A1C72E0006F864C /* Ingredients.swift in Sources */,
				C20B1B312A22DFAD00277A03 /* DB_action.swift in Sources */,
				78BCF4122A136D8F00FA93C9 /* PantryViewController.swift in Sources */,
				C2FD43872A1C89A3006F864C /* Preferences.swift in Sources */,
				78BCF4132A136D8F00FA93C9 /* RecipeChatGPTViewController.swift in Sources */,
				829E595E2A1CB58C000FFCCE /* DBSetup.swift in Sources */,
				C2159ACB2A23F64A00030C52 /* DB_update.swift in Sources */,
				65D5B9F82A0A2C0100307B35 /* AppDelegate.swift in Sources */,
				C28A9D242A17AFD0004AA244 /* AppUser.swift in Sources */,
				78BCF4102A136D8F00FA93C9 /* AddItemViewController.swift in Sources */,
				C2FD43892A1C8E3F006F864C /* Ingred_Allergy.swift in Sources */,
				C28A9D262A17B00F004AA244 /* AppPantry.swift in Sources */,
				C2FD43832A1C8520006F864C /* AllergyCategory.swift in Sources */,
				78BCF4142A136D8F00FA93C9 /* RecipePreferencesViewController.swift in Sources */,
				C2FD438F2A1C9DE1006F864C /* SectionOfPantry.swift in Sources */,
				78BCF4162A136D8F00FA93C9 /* ShoppingListViewController.swift in Sources */,
				C2FD437D2A1C7C81006F864C /* Recipe.swift in Sources */,
				65D5B9FA2A0A2C0100307B35 /* SceneDelegate.swift in Sources */,
			);
			runOnlyForDeploymentPostprocessing = 0;
		};
/* End PBXSourcesBuildPhase section */

/* Begin PBXVariantGroup section */
		65D5B9FD2A0A2C0100307B35 /* Main.storyboard */ = {
			isa = PBXVariantGroup;
			children = (
				65D5B9FE2A0A2C0100307B35 /* Base */,
				C28B2CB92A1C28F600AC4A46 /* en */,
			);
			name = Main.storyboard;
			sourceTree = "<group>";
		};
		65D5BA022A0A2C0300307B35 /* LaunchScreen.storyboard */ = {
			isa = PBXVariantGroup;
			children = (
				65D5BA032A0A2C0300307B35 /* Base */,
			);
			name = LaunchScreen.storyboard;
			sourceTree = "<group>";
		};
/* End PBXVariantGroup section */

/* Begin XCBuildConfiguration section */
		65D5BA062A0A2C0300307B35 /* Debug */ = {
			isa = XCBuildConfiguration;
			buildSettings = {
				ALWAYS_SEARCH_USER_PATHS = NO;
				CLANG_ANALYZER_NONNULL = YES;
				CLANG_ANALYZER_NUMBER_OBJECT_CONVERSION = YES_AGGRESSIVE;
				CLANG_CXX_LANGUAGE_STANDARD = "gnu++20";
				CLANG_ENABLE_MODULES = YES;
				CLANG_ENABLE_OBJC_ARC = YES;
				CLANG_ENABLE_OBJC_WEAK = YES;
				CLANG_WARN_BLOCK_CAPTURE_AUTORELEASING = YES;
				CLANG_WARN_BOOL_CONVERSION = YES;
				CLANG_WARN_COMMA = YES;
				CLANG_WARN_CONSTANT_CONVERSION = YES;
				CLANG_WARN_DEPRECATED_OBJC_IMPLEMENTATIONS = YES;
				CLANG_WARN_DIRECT_OBJC_ISA_USAGE = YES_ERROR;
				CLANG_WARN_DOCUMENTATION_COMMENTS = YES;
				CLANG_WARN_EMPTY_BODY = YES;
				CLANG_WARN_ENUM_CONVERSION = YES;
				CLANG_WARN_INFINITE_RECURSION = YES;
				CLANG_WARN_INT_CONVERSION = YES;
				CLANG_WARN_NON_LITERAL_NULL_CONVERSION = YES;
				CLANG_WARN_OBJC_IMPLICIT_RETAIN_SELF = YES;
				CLANG_WARN_OBJC_LITERAL_CONVERSION = YES;
				CLANG_WARN_OBJC_ROOT_CLASS = YES_ERROR;
				CLANG_WARN_QUOTED_INCLUDE_IN_FRAMEWORK_HEADER = YES;
				CLANG_WARN_RANGE_LOOP_ANALYSIS = YES;
				CLANG_WARN_STRICT_PROTOTYPES = YES;
				CLANG_WARN_SUSPICIOUS_MOVE = YES;
				CLANG_WARN_UNGUARDED_AVAILABILITY = YES_AGGRESSIVE;
				CLANG_WARN_UNREACHABLE_CODE = YES;
				CLANG_WARN__DUPLICATE_METHOD_MATCH = YES;
				COPY_PHASE_STRIP = NO;
				DEBUG_INFORMATION_FORMAT = dwarf;
				ENABLE_STRICT_OBJC_MSGSEND = YES;
				ENABLE_TESTABILITY = YES;
				GCC_C_LANGUAGE_STANDARD = gnu11;
				GCC_DYNAMIC_NO_PIC = NO;
				GCC_NO_COMMON_BLOCKS = YES;
				GCC_OPTIMIZATION_LEVEL = 0;
				GCC_PREPROCESSOR_DEFINITIONS = (
					"DEBUG=1",
					"$(inherited)",
				);
				GCC_WARN_64_TO_32_BIT_CONVERSION = YES;
				GCC_WARN_ABOUT_RETURN_TYPE = YES_ERROR;
				GCC_WARN_UNDECLARED_SELECTOR = YES;
				GCC_WARN_UNINITIALIZED_AUTOS = YES_AGGRESSIVE;
				GCC_WARN_UNUSED_FUNCTION = YES;
				GCC_WARN_UNUSED_VARIABLE = YES;
				IPHONEOS_DEPLOYMENT_TARGET = 16.4;
				MTL_ENABLE_DEBUG_INFO = INCLUDE_SOURCE;
				MTL_FAST_MATH = YES;
				ONLY_ACTIVE_ARCH = YES;
				SDKROOT = iphoneos;
				SWIFT_ACTIVE_COMPILATION_CONDITIONS = DEBUG;
				SWIFT_OPTIMIZATION_LEVEL = "-Onone";
			};
			name = Debug;
		};
		65D5BA072A0A2C0300307B35 /* Release */ = {
			isa = XCBuildConfiguration;
			buildSettings = {
				ALWAYS_SEARCH_USER_PATHS = NO;
				CLANG_ANALYZER_NONNULL = YES;
				CLANG_ANALYZER_NUMBER_OBJECT_CONVERSION = YES_AGGRESSIVE;
				CLANG_CXX_LANGUAGE_STANDARD = "gnu++20";
				CLANG_ENABLE_MODULES = YES;
				CLANG_ENABLE_OBJC_ARC = YES;
				CLANG_ENABLE_OBJC_WEAK = YES;
				CLANG_WARN_BLOCK_CAPTURE_AUTORELEASING = YES;
				CLANG_WARN_BOOL_CONVERSION = YES;
				CLANG_WARN_COMMA = YES;
				CLANG_WARN_CONSTANT_CONVERSION = YES;
				CLANG_WARN_DEPRECATED_OBJC_IMPLEMENTATIONS = YES;
				CLANG_WARN_DIRECT_OBJC_ISA_USAGE = YES_ERROR;
				CLANG_WARN_DOCUMENTATION_COMMENTS = YES;
				CLANG_WARN_EMPTY_BODY = YES;
				CLANG_WARN_ENUM_CONVERSION = YES;
				CLANG_WARN_INFINITE_RECURSION = YES;
				CLANG_WARN_INT_CONVERSION = YES;
				CLANG_WARN_NON_LITERAL_NULL_CONVERSION = YES;
				CLANG_WARN_OBJC_IMPLICIT_RETAIN_SELF = YES;
				CLANG_WARN_OBJC_LITERAL_CONVERSION = YES;
				CLANG_WARN_OBJC_ROOT_CLASS = YES_ERROR;
				CLANG_WARN_QUOTED_INCLUDE_IN_FRAMEWORK_HEADER = YES;
				CLANG_WARN_RANGE_LOOP_ANALYSIS = YES;
				CLANG_WARN_STRICT_PROTOTYPES = YES;
				CLANG_WARN_SUSPICIOUS_MOVE = YES;
				CLANG_WARN_UNGUARDED_AVAILABILITY = YES_AGGRESSIVE;
				CLANG_WARN_UNREACHABLE_CODE = YES;
				CLANG_WARN__DUPLICATE_METHOD_MATCH = YES;
				COPY_PHASE_STRIP = NO;
				DEBUG_INFORMATION_FORMAT = "dwarf-with-dsym";
				ENABLE_NS_ASSERTIONS = NO;
				ENABLE_STRICT_OBJC_MSGSEND = YES;
				GCC_C_LANGUAGE_STANDARD = gnu11;
				GCC_NO_COMMON_BLOCKS = YES;
				GCC_WARN_64_TO_32_BIT_CONVERSION = YES;
				GCC_WARN_ABOUT_RETURN_TYPE = YES_ERROR;
				GCC_WARN_UNDECLARED_SELECTOR = YES;
				GCC_WARN_UNINITIALIZED_AUTOS = YES_AGGRESSIVE;
				GCC_WARN_UNUSED_FUNCTION = YES;
				GCC_WARN_UNUSED_VARIABLE = YES;
				IPHONEOS_DEPLOYMENT_TARGET = 16.4;
				MTL_ENABLE_DEBUG_INFO = NO;
				MTL_FAST_MATH = YES;
				SDKROOT = iphoneos;
				SWIFT_COMPILATION_MODE = wholemodule;
				SWIFT_OPTIMIZATION_LEVEL = "-O";
				VALIDATE_PRODUCT = YES;
			};
			name = Release;
		};
		65D5BA092A0A2C0300307B35 /* Debug */ = {
			isa = XCBuildConfiguration;
			buildSettings = {
				ASSETCATALOG_COMPILER_APPICON_NAME = AppIcon;
				ASSETCATALOG_COMPILER_GLOBAL_ACCENT_COLOR_NAME = AccentColor;
				CODE_SIGN_STYLE = Automatic;
				CURRENT_PROJECT_VERSION = 1;
				GENERATE_INFOPLIST_FILE = YES;
				INFOPLIST_FILE = "Digital Pantry/Info.plist";
				INFOPLIST_KEY_UIApplicationSupportsIndirectInputEvents = YES;
				INFOPLIST_KEY_UILaunchStoryboardName = LaunchScreen;
				INFOPLIST_KEY_UIMainStoryboardFile = Main;
				INFOPLIST_KEY_UISupportedInterfaceOrientations_iPad = "UIInterfaceOrientationPortrait UIInterfaceOrientationPortraitUpsideDown UIInterfaceOrientationLandscapeLeft UIInterfaceOrientationLandscapeRight";
				INFOPLIST_KEY_UISupportedInterfaceOrientations_iPhone = "UIInterfaceOrientationPortrait UIInterfaceOrientationLandscapeLeft UIInterfaceOrientationLandscapeRight";
				IPHONEOS_DEPLOYMENT_TARGET = 16.2;
				LD_RUNPATH_SEARCH_PATHS = (
					"$(inherited)",
					"@executable_path/Frameworks",
				);
				MARKETING_VERSION = 1.0;
				PRODUCT_BUNDLE_IDENTIFIER = "au.edu.uts.Digital-Pantry";
				PRODUCT_NAME = "$(TARGET_NAME)";
				SWIFT_EMIT_LOC_STRINGS = YES;
				SWIFT_VERSION = 5.0;
				TARGETED_DEVICE_FAMILY = "1,2";
			};
			name = Debug;
		};
		65D5BA0A2A0A2C0300307B35 /* Release */ = {
			isa = XCBuildConfiguration;
			buildSettings = {
				ASSETCATALOG_COMPILER_APPICON_NAME = AppIcon;
				ASSETCATALOG_COMPILER_GLOBAL_ACCENT_COLOR_NAME = AccentColor;
				CODE_SIGN_STYLE = Automatic;
				CURRENT_PROJECT_VERSION = 1;
				GENERATE_INFOPLIST_FILE = YES;
				INFOPLIST_FILE = "Digital Pantry/Info.plist";
				INFOPLIST_KEY_UIApplicationSupportsIndirectInputEvents = YES;
				INFOPLIST_KEY_UILaunchStoryboardName = LaunchScreen;
				INFOPLIST_KEY_UIMainStoryboardFile = Main;
				INFOPLIST_KEY_UISupportedInterfaceOrientations_iPad = "UIInterfaceOrientationPortrait UIInterfaceOrientationPortraitUpsideDown UIInterfaceOrientationLandscapeLeft UIInterfaceOrientationLandscapeRight";
				INFOPLIST_KEY_UISupportedInterfaceOrientations_iPhone = "UIInterfaceOrientationPortrait UIInterfaceOrientationLandscapeLeft UIInterfaceOrientationLandscapeRight";
				IPHONEOS_DEPLOYMENT_TARGET = 16.2;
				LD_RUNPATH_SEARCH_PATHS = (
					"$(inherited)",
					"@executable_path/Frameworks",
				);
				MARKETING_VERSION = 1.0;
				PRODUCT_BUNDLE_IDENTIFIER = "au.edu.uts.Digital-Pantry";
				PRODUCT_NAME = "$(TARGET_NAME)";
				SWIFT_EMIT_LOC_STRINGS = YES;
				SWIFT_VERSION = 5.0;
				TARGETED_DEVICE_FAMILY = "1,2";
			};
			name = Release;
		};
/* End XCBuildConfiguration section */

/* Begin XCConfigurationList section */
		65D5B9EF2A0A2C0100307B35 /* Build configuration list for PBXProject "Digital Pantry" */ = {
			isa = XCConfigurationList;
			buildConfigurations = (
				65D5BA062A0A2C0300307B35 /* Debug */,
				65D5BA072A0A2C0300307B35 /* Release */,
			);
			defaultConfigurationIsVisible = 0;
			defaultConfigurationName = Release;
		};
		65D5BA082A0A2C0300307B35 /* Build configuration list for PBXNativeTarget "Digital Pantry" */ = {
			isa = XCConfigurationList;
			buildConfigurations = (
				65D5BA092A0A2C0300307B35 /* Debug */,
				65D5BA0A2A0A2C0300307B35 /* Release */,
			);
			defaultConfigurationIsVisible = 0;
			defaultConfigurationName = Release;
		};
/* End XCConfigurationList section */

/* Begin XCRemoteSwiftPackageReference section */
		65500B3A2A1365380007F7C9 /* XCRemoteSwiftPackageReference "openai-kit" */ = {
			isa = XCRemoteSwiftPackageReference;
			repositoryURL = "https://github.com/dylanshine/openai-kit.git";
			requirement = {
				kind = upToNextMajorVersion;
				minimumVersion = 1.0.0;
			};
		};
		65500B3F2A136B7F0007F7C9 /* XCRemoteSwiftPackageReference "OpenAISwift" */ = {
			isa = XCRemoteSwiftPackageReference;
			repositoryURL = "https://github.com/adamrushy/OpenAISwift.git";
			requirement = {
				kind = upToNextMajorVersion;
				minimumVersion = 1.0.0;
			};
		};
		829E594C2A1CB382000FFCCE /* XCRemoteSwiftPackageReference "CoreXLSX" */ = {
			isa = XCRemoteSwiftPackageReference;
			repositoryURL = "https://github.com/CoreOffice/CoreXLSX.git";
			requirement = {
				kind = upToNextMajorVersion;
				minimumVersion = 0.14.2;
			};
		};
		829E594F2A1CB391000FFCCE /* XCRemoteSwiftPackageReference "SQLite.swift" */ = {
			isa = XCRemoteSwiftPackageReference;
			repositoryURL = "https://github.com/stephencelis/SQLite.swift.git";
			requirement = {
				kind = upToNextMajorVersion;
				minimumVersion = 0.14.1;
			};
		};
/* End XCRemoteSwiftPackageReference section */

/* Begin XCSwiftPackageProductDependency section */
		65500B3B2A1365380007F7C9 /* OpenAIKit */ = {
			isa = XCSwiftPackageProductDependency;
			package = 65500B3A2A1365380007F7C9 /* XCRemoteSwiftPackageReference "openai-kit" */;
			productName = OpenAIKit;
		};
		65500B402A136B7F0007F7C9 /* OpenAISwift */ = {
			isa = XCSwiftPackageProductDependency;
			package = 65500B3F2A136B7F0007F7C9 /* XCRemoteSwiftPackageReference "OpenAISwift" */;
			productName = OpenAISwift;
		};
		829E594D2A1CB382000FFCCE /* CoreXLSX */ = {
			isa = XCSwiftPackageProductDependency;
			package = 829E594C2A1CB382000FFCCE /* XCRemoteSwiftPackageReference "CoreXLSX" */;
			productName = CoreXLSX;
		};
		829E59502A1CB391000FFCCE /* SQLite */ = {
			isa = XCSwiftPackageProductDependency;
			package = 829E594F2A1CB391000FFCCE /* XCRemoteSwiftPackageReference "SQLite.swift" */;
			productName = SQLite;
		};
/* End XCSwiftPackageProductDependency section */
	};
	rootObject = 65D5B9EC2A0A2C0100307B35 /* Project object */;
}
