// !$*UTF8*$!
{
	archiveVersion = 1;
	classes = {
	};
	objectVersion = 56;
	objects = {

/* Begin PBXBuildFile section */
		65500B3C2A1365380007F7C9 /* OpenAIKit in Frameworks */ = {isa = PBXBuildFile; productRef = 65500B3B2A1365380007F7C9 /* OpenAIKit */; };
		65500B412A136B7F0007F7C9 /* OpenAISwift in Frameworks */ = {isa = PBXBuildFile; productRef = 65500B402A136B7F0007F7C9 /* OpenAISwift */; };
		65500B432A136BBC0007F7C9 /* APICaller.swift in Sources */ = {isa = PBXBuildFile; fileRef = 65500B422A136BBC0007F7C9 /* APICaller.swift */; };
		65D5B9F82A0A2C0100307B35 /* AppDelegate.swift in Sources */ = {isa = PBXBuildFile; fileRef = 65D5B9F72A0A2C0100307B35 /* AppDelegate.swift */; };
		65D5B9FA2A0A2C0100307B35 /* SceneDelegate.swift in Sources */ = {isa = PBXBuildFile; fileRef = 65D5B9F92A0A2C0100307B35 /* SceneDelegate.swift */; };
		65D5B9FC2A0A2C0100307B35 /* ViewController.swift in Sources */ = {isa = PBXBuildFile; fileRef = 65D5B9FB2A0A2C0100307B35 /* ViewController.swift */; };
		65D5B9FF2A0A2C0100307B35 /* Main.storyboard in Resources */ = {isa = PBXBuildFile; fileRef = 65D5B9FD2A0A2C0100307B35 /* Main.storyboard */; };
		65D5BA012A0A2C0300307B35 /* Assets.xcassets in Resources */ = {isa = PBXBuildFile; fileRef = 65D5BA002A0A2C0300307B35 /* Assets.xcassets */; };
		65D5BA042A0A2C0300307B35 /* LaunchScreen.storyboard in Resources */ = {isa = PBXBuildFile; fileRef = 65D5BA022A0A2C0300307B35 /* LaunchScreen.storyboard */; };
		78BCF40E2A136D8F00FA93C9 /* RecipeAddViewController.swift in Sources */ = {isa = PBXBuildFile; fileRef = 78BCF4042A136D8E00FA93C9 /* RecipeAddViewController.swift */; };
		78BCF40F2A136D8F00FA93C9 /* FreezerViewController.swift in Sources */ = {isa = PBXBuildFile; fileRef = 78BCF4052A136D8E00FA93C9 /* FreezerViewController.swift */; };
		78BCF4102A136D8F00FA93C9 /* AddItemViewController.swift in Sources */ = {isa = PBXBuildFile; fileRef = 78BCF4062A136D8E00FA93C9 /* AddItemViewController.swift */; };
		78BCF4112A136D8F00FA93C9 /* FridgeViewController.swift in Sources */ = {isa = PBXBuildFile; fileRef = 78BCF4072A136D8E00FA93C9 /* FridgeViewController.swift */; };
		78BCF4122A136D8F00FA93C9 /* PantryViewController.swift in Sources */ = {isa = PBXBuildFile; fileRef = 78BCF4082A136D8E00FA93C9 /* PantryViewController.swift */; };
		78BCF4132A136D8F00FA93C9 /* RecipeChatGPTViewController.swift in Sources */ = {isa = PBXBuildFile; fileRef = 78BCF4092A136D8E00FA93C9 /* RecipeChatGPTViewController.swift */; };
		78BCF4142A136D8F00FA93C9 /* RecipePreferencesViewController.swift in Sources */ = {isa = PBXBuildFile; fileRef = 78BCF40A2A136D8F00FA93C9 /* RecipePreferencesViewController.swift */; };
		78BCF4152A136D8F00FA93C9 /* RecipeRecentViewController.swift in Sources */ = {isa = PBXBuildFile; fileRef = 78BCF40B2A136D8F00FA93C9 /* RecipeRecentViewController.swift */; };
		78BCF4162A136D8F00FA93C9 /* ShoppingListViewController.swift in Sources */ = {isa = PBXBuildFile; fileRef = 78BCF40C2A136D8F00FA93C9 /* ShoppingListViewController.swift */; };
		78BCF4172A136D8F00FA93C9 /* RecipeSearchViewController.swift in Sources */ = {isa = PBXBuildFile; fileRef = 78BCF40D2A136D8F00FA93C9 /* RecipeSearchViewController.swift */; };
		78DE3A712A136A320024BA10 /* RecipeViewController.swift in Sources */ = {isa = PBXBuildFile; fileRef = 78DE3A702A136A320024BA10 /* RecipeViewController.swift */; };
/* End PBXBuildFile section */

/* Begin PBXFileReference section */
		65500B422A136BBC0007F7C9 /* APICaller.swift */ = {isa = PBXFileReference; lastKnownFileType = sourcecode.swift; path = APICaller.swift; sourceTree = "<group>"; };
		65D5B9F42A0A2C0100307B35 /* Digital Pantry.app */ = {isa = PBXFileReference; explicitFileType = wrapper.application; includeInIndex = 0; path = "Digital Pantry.app"; sourceTree = BUILT_PRODUCTS_DIR; };
		65D5B9F72A0A2C0100307B35 /* AppDelegate.swift */ = {isa = PBXFileReference; lastKnownFileType = sourcecode.swift; path = AppDelegate.swift; sourceTree = "<group>"; };
		65D5B9F92A0A2C0100307B35 /* SceneDelegate.swift */ = {isa = PBXFileReference; lastKnownFileType = sourcecode.swift; path = SceneDelegate.swift; sourceTree = "<group>"; };
		65D5B9FB2A0A2C0100307B35 /* ViewController.swift */ = {isa = PBXFileReference; lastKnownFileType = sourcecode.swift; path = ViewController.swift; sourceTree = "<group>"; };
		65D5B9FE2A0A2C0100307B35 /* Base */ = {isa = PBXFileReference; lastKnownFileType = file.storyboard; name = Base; path = Base.lproj/Main.storyboard; sourceTree = "<group>"; };
		65D5BA002A0A2C0300307B35 /* Assets.xcassets */ = {isa = PBXFileReference; lastKnownFileType = folder.assetcatalog; path = Assets.xcassets; sourceTree = "<group>"; };
		65D5BA032A0A2C0300307B35 /* Base */ = {isa = PBXFileReference; lastKnownFileType = file.storyboard; name = Base; path = Base.lproj/LaunchScreen.storyboard; sourceTree = "<group>"; };
		65D5BA052A0A2C0300307B35 /* Info.plist */ = {isa = PBXFileReference; lastKnownFileType = text.plist.xml; path = Info.plist; sourceTree = "<group>"; };
		78BCF4042A136D8E00FA93C9 /* RecipeAddViewController.swift */ = {isa = PBXFileReference; fileEncoding = 4; lastKnownFileType = sourcecode.swift; path = RecipeAddViewController.swift; sourceTree = "<group>"; };
		78BCF4052A136D8E00FA93C9 /* FreezerViewController.swift */ = {isa = PBXFileReference; fileEncoding = 4; lastKnownFileType = sourcecode.swift; path = FreezerViewController.swift; sourceTree = "<group>"; };
		78BCF4062A136D8E00FA93C9 /* AddItemViewController.swift */ = {isa = PBXFileReference; fileEncoding = 4; lastKnownFileType = sourcecode.swift; path = AddItemViewController.swift; sourceTree = "<group>"; };
		78BCF4072A136D8E00FA93C9 /* FridgeViewController.swift */ = {isa = PBXFileReference; fileEncoding = 4; lastKnownFileType = sourcecode.swift; path = FridgeViewController.swift; sourceTree = "<group>"; };
		78BCF4082A136D8E00FA93C9 /* PantryViewController.swift */ = {isa = PBXFileReference; fileEncoding = 4; lastKnownFileType = sourcecode.swift; path = PantryViewController.swift; sourceTree = "<group>"; };
		78BCF4092A136D8E00FA93C9 /* RecipeChatGPTViewController.swift */ = {isa = PBXFileReference; fileEncoding = 4; lastKnownFileType = sourcecode.swift; path = RecipeChatGPTViewController.swift; sourceTree = "<group>"; };
		78BCF40A2A136D8F00FA93C9 /* RecipePreferencesViewController.swift */ = {isa = PBXFileReference; fileEncoding = 4; lastKnownFileType = sourcecode.swift; path = RecipePreferencesViewController.swift; sourceTree = "<group>"; };
		78BCF40B2A136D8F00FA93C9 /* RecipeRecentViewController.swift */ = {isa = PBXFileReference; fileEncoding = 4; lastKnownFileType = sourcecode.swift; path = RecipeRecentViewController.swift; sourceTree = "<group>"; };
		78BCF40C2A136D8F00FA93C9 /* ShoppingListViewController.swift */ = {isa = PBXFileReference; fileEncoding = 4; lastKnownFileType = sourcecode.swift; path = ShoppingListViewController.swift; sourceTree = "<group>"; };
		78BCF40D2A136D8F00FA93C9 /* RecipeSearchViewController.swift */ = {isa = PBXFileReference; fileEncoding = 4; lastKnownFileType = sourcecode.swift; path = RecipeSearchViewController.swift; sourceTree = "<group>"; };
		78DE3A702A136A320024BA10 /* RecipeViewController.swift */ = {isa = PBXFileReference; lastKnownFileType = sourcecode.swift; path = RecipeViewController.swift; sourceTree = "<group>"; };
/* End PBXFileReference section */

/* Begin PBXFrameworksBuildPhase section */
		65D5B9F12A0A2C0100307B35 /* Frameworks */ = {
			isa = PBXFrameworksBuildPhase;
			buildActionMask = 2147483647;
			files = (
				65500B412A136B7F0007F7C9 /* OpenAISwift in Frameworks */,
				65500B3C2A1365380007F7C9 /* OpenAIKit in Frameworks */,
			);
			runOnlyForDeploymentPostprocessing = 0;
		};
/* End PBXFrameworksBuildPhase section */

/* Begin PBXGroup section */
		6540E7E92A138856007352FF /* Recovered References */ = {
			isa = PBXGroup;
			children = (
			);
			name = "Recovered References";
			sourceTree = "<group>";
		};
		65D5B9EB2A0A2C0100307B35 = {
			isa = PBXGroup;
			children = (
				65D5B9F62A0A2C0100307B35 /* Digital Pantry */,
				65D5B9F52A0A2C0100307B35 /* Products */,
				6540E7E92A138856007352FF /* Recovered References */,
			);
			sourceTree = "<group>";
		};
		65D5B9F52A0A2C0100307B35 /* Products */ = {
			isa = PBXGroup;
			children = (
				65D5B9F42A0A2C0100307B35 /* Digital Pantry.app */,
			);
			name = Products;
			sourceTree = "<group>";
		};
		65D5B9F62A0A2C0100307B35 /* Digital Pantry */ = {
			isa = PBXGroup;
			children = (
				65D5B9F72A0A2C0100307B35 /* AppDelegate.swift */,
				65D5B9F92A0A2C0100307B35 /* SceneDelegate.swift */,
				78DE3A6F2A136A060024BA10 /* Controllers */,
				65D5B9FD2A0A2C0100307B35 /* Main.storyboard */,
				65D5BA002A0A2C0300307B35 /* Assets.xcassets */,
				65D5BA022A0A2C0300307B35 /* LaunchScreen.storyboard */,
				65D5BA052A0A2C0300307B35 /* Info.plist */,
				65500B422A136BBC0007F7C9 /* APICaller.swift */,
			);
			path = "Digital Pantry";
			sourceTree = "<group>";
		};
		78DE3A6F2A136A060024BA10 /* Controllers */ = {
			isa = PBXGroup;
			children = (
				65D5B9FB2A0A2C0100307B35 /* ViewController.swift */,
				78DE3A702A136A320024BA10 /* RecipeViewController.swift */,
				78BCF4062A136D8E00FA93C9 /* AddItemViewController.swift */,
				78BCF4052A136D8E00FA93C9 /* FreezerViewController.swift */,
				78BCF4072A136D8E00FA93C9 /* FridgeViewController.swift */,
				78BCF4082A136D8E00FA93C9 /* PantryViewController.swift */,
				78BCF4042A136D8E00FA93C9 /* RecipeAddViewController.swift */,
				78BCF4092A136D8E00FA93C9 /* RecipeChatGPTViewController.swift */,
				78BCF40A2A136D8F00FA93C9 /* RecipePreferencesViewController.swift */,
				78BCF40B2A136D8F00FA93C9 /* RecipeRecentViewController.swift */,
				78BCF40D2A136D8F00FA93C9 /* RecipeSearchViewController.swift */,
				78BCF40C2A136D8F00FA93C9 /* ShoppingListViewController.swift */,
			);
			path = Controllers;
			sourceTree = "<group>";
		};
/* End PBXGroup section */

/* Begin PBXNativeTarget section */
		65D5B9F32A0A2C0100307B35 /* Digital Pantry */ = {
			isa = PBXNativeTarget;
			buildConfigurationList = 65D5BA082A0A2C0300307B35 /* Build configuration list for PBXNativeTarget "Digital Pantry" */;
			buildPhases = (
				65D5B9F02A0A2C0100307B35 /* Sources */,
				65D5B9F12A0A2C0100307B35 /* Frameworks */,
				65D5B9F22A0A2C0100307B35 /* Resources */,
			);
			buildRules = (
			);
			dependencies = (
			);
			name = "Digital Pantry";
			packageProductDependencies = (
				65500B3B2A1365380007F7C9 /* OpenAIKit */,
				65500B402A136B7F0007F7C9 /* OpenAISwift */,
			);
			productName = "Digital Pantry";
			productReference = 65D5B9F42A0A2C0100307B35 /* Digital Pantry.app */;
			productType = "com.apple.product-type.application";
		};
/* End PBXNativeTarget section */

/* Begin PBXProject section */
		65D5B9EC2A0A2C0100307B35 /* Project object */ = {
			isa = PBXProject;
			attributes = {
				BuildIndependentTargetsInParallel = 1;
				LastSwiftUpdateCheck = 1430;
				LastUpgradeCheck = 1430;
				TargetAttributes = {
					65D5B9F32A0A2C0100307B35 = {
						CreatedOnToolsVersion = 14.3;
					};
				};
			};
			buildConfigurationList = 65D5B9EF2A0A2C0100307B35 /* Build configuration list for PBXProject "Digital Pantry" */;
			compatibilityVersion = "Xcode 14.0";
			developmentRegion = en;
			hasScannedForEncodings = 0;
			knownRegions = (
				en,
				Base,
			);
			mainGroup = 65D5B9EB2A0A2C0100307B35;
			packageReferences = (
				65500B3A2A1365380007F7C9 /* XCRemoteSwiftPackageReference "openai-kit" */,
				65500B3F2A136B7F0007F7C9 /* XCRemoteSwiftPackageReference "OpenAISwift" */,
			);
			productRefGroup = 65D5B9F52A0A2C0100307B35 /* Products */;
			projectDirPath = "";
			projectRoot = "";
			targets = (
				65D5B9F32A0A2C0100307B35 /* Digital Pantry */,
			);
		};
/* End PBXProject section */

/* Begin PBXResourcesBuildPhase section */
		65D5B9F22A0A2C0100307B35 /* Resources */ = {
			isa = PBXResourcesBuildPhase;
			buildActionMask = 2147483647;
			files = (
				65D5BA042A0A2C0300307B35 /* LaunchScreen.storyboard in Resources */,
				65D5BA012A0A2C0300307B35 /* Assets.xcassets in Resources */,
				65D5B9FF2A0A2C0100307B35 /* Main.storyboard in Resources */,
			);
			runOnlyForDeploymentPostprocessing = 0;
		};
/* End PBXResourcesBuildPhase section */

/* Begin PBXSourcesBuildPhase section */
		65D5B9F02A0A2C0100307B35 /* Sources */ = {
			isa = PBXSourcesBuildPhase;
			buildActionMask = 2147483647;
			files = (
				78DE3A712A136A320024BA10 /* RecipeViewController.swift in Sources */,
				78BCF40E2A136D8F00FA93C9 /* RecipeAddViewController.swift in Sources */,
				78BCF4172A136D8F00FA93C9 /* RecipeSearchViewController.swift in Sources */,
				78BCF4152A136D8F00FA93C9 /* RecipeRecentViewController.swift in Sources */,
				65D5B9FC2A0A2C0100307B35 /* ViewController.swift in Sources */,
				65500B432A136BBC0007F7C9 /* APICaller.swift in Sources */,
				65D5B9F82A0A2C0100307B35 /* AppDelegate.swift in Sources */,
				78BCF4122A136D8F00FA93C9 /* PantryViewController.swift in Sources */,
				78BCF4132A136D8F00FA93C9 /* RecipeChatGPTViewController.swift in Sources */,
				65D5B9F82A0A2C0100307B35 /* AppDelegate.swift in Sources */,
				78BCF4102A136D8F00FA93C9 /* AddItemViewController.swift in Sources */,
				78BCF4142A136D8F00FA93C9 /* RecipePreferencesViewController.swift in Sources */,
				78BCF4112A136D8F00FA93C9 /* FridgeViewController.swift in Sources */,
				78BCF4162A136D8F00FA93C9 /* ShoppingListViewController.swift in Sources */,
				78BCF40F2A136D8F00FA93C9 /* FreezerViewController.swift in Sources */,
				65D5B9FA2A0A2C0100307B35 /* SceneDelegate.swift in Sources */,
			);
			runOnlyForDeploymentPostprocessing = 0;
		};
/* End PBXSourcesBuildPhase section */

/* Begin PBXVariantGroup section */
		65D5B9FD2A0A2C0100307B35 /* Main.storyboard */ = {
			isa = PBXVariantGroup;
			children = (
				65D5B9FE2A0A2C0100307B35 /* Base */,
			);
			name = Main.storyboard;
			sourceTree = "<group>";
		};
		65D5BA022A0A2C0300307B35 /* LaunchScreen.storyboard */ = {
			isa = PBXVariantGroup;
			children = (
				65D5BA032A0A2C0300307B35 /* Base */,
			);
			name = LaunchScreen.storyboard;
			sourceTree = "<group>";
		};
/* End PBXVariantGroup section */

/* Begin XCBuildConfiguration section */
		65D5BA062A0A2C0300307B35 /* Debug */ = {
			isa = XCBuildConfiguration;
			buildSettings = {
				ALWAYS_SEARCH_USER_PATHS = NO;
				CLANG_ANALYZER_NONNULL = YES;
				CLANG_ANALYZER_NUMBER_OBJECT_CONVERSION = YES_AGGRESSIVE;
				CLANG_CXX_LANGUAGE_STANDARD = "gnu++20";
				CLANG_ENABLE_MODULES = YES;
				CLANG_ENABLE_OBJC_ARC = YES;
				CLANG_ENABLE_OBJC_WEAK = YES;
				CLANG_WARN_BLOCK_CAPTURE_AUTORELEASING = YES;
				CLANG_WARN_BOOL_CONVERSION = YES;
				CLANG_WARN_COMMA = YES;
				CLANG_WARN_CONSTANT_CONVERSION = YES;
				CLANG_WARN_DEPRECATED_OBJC_IMPLEMENTATIONS = YES;
				CLANG_WARN_DIRECT_OBJC_ISA_USAGE = YES_ERROR;
				CLANG_WARN_DOCUMENTATION_COMMENTS = YES;
				CLANG_WARN_EMPTY_BODY = YES;
				CLANG_WARN_ENUM_CONVERSION = YES;
				CLANG_WARN_INFINITE_RECURSION = YES;
				CLANG_WARN_INT_CONVERSION = YES;
				CLANG_WARN_NON_LITERAL_NULL_CONVERSION = YES;
				CLANG_WARN_OBJC_IMPLICIT_RETAIN_SELF = YES;
				CLANG_WARN_OBJC_LITERAL_CONVERSION = YES;
				CLANG_WARN_OBJC_ROOT_CLASS = YES_ERROR;
				CLANG_WARN_QUOTED_INCLUDE_IN_FRAMEWORK_HEADER = YES;
				CLANG_WARN_RANGE_LOOP_ANALYSIS = YES;
				CLANG_WARN_STRICT_PROTOTYPES = YES;
				CLANG_WARN_SUSPICIOUS_MOVE = YES;
				CLANG_WARN_UNGUARDED_AVAILABILITY = YES_AGGRESSIVE;
				CLANG_WARN_UNREACHABLE_CODE = YES;
				CLANG_WARN__DUPLICATE_METHOD_MATCH = YES;
				COPY_PHASE_STRIP = NO;
				DEBUG_INFORMATION_FORMAT = dwarf;
				ENABLE_STRICT_OBJC_MSGSEND = YES;
				ENABLE_TESTABILITY = YES;
				GCC_C_LANGUAGE_STANDARD = gnu11;
				GCC_DYNAMIC_NO_PIC = NO;
				GCC_NO_COMMON_BLOCKS = YES;
				GCC_OPTIMIZATION_LEVEL = 0;
				GCC_PREPROCESSOR_DEFINITIONS = (
					"DEBUG=1",
					"$(inherited)",
				);
				GCC_WARN_64_TO_32_BIT_CONVERSION = YES;
				GCC_WARN_ABOUT_RETURN_TYPE = YES_ERROR;
				GCC_WARN_UNDECLARED_SELECTOR = YES;
				GCC_WARN_UNINITIALIZED_AUTOS = YES_AGGRESSIVE;
				GCC_WARN_UNUSED_FUNCTION = YES;
				GCC_WARN_UNUSED_VARIABLE = YES;
				IPHONEOS_DEPLOYMENT_TARGET = 16.4;
				MTL_ENABLE_DEBUG_INFO = INCLUDE_SOURCE;
				MTL_FAST_MATH = YES;
				ONLY_ACTIVE_ARCH = YES;
				SDKROOT = iphoneos;
				SWIFT_ACTIVE_COMPILATION_CONDITIONS = DEBUG;
				SWIFT_OPTIMIZATION_LEVEL = "-Onone";
			};
			name = Debug;
		};
		65D5BA072A0A2C0300307B35 /* Release */ = {
			isa = XCBuildConfiguration;
			buildSettings = {
				ALWAYS_SEARCH_USER_PATHS = NO;
				CLANG_ANALYZER_NONNULL = YES;
				CLANG_ANALYZER_NUMBER_OBJECT_CONVERSION = YES_AGGRESSIVE;
				CLANG_CXX_LANGUAGE_STANDARD = "gnu++20";
				CLANG_ENABLE_MODULES = YES;
				CLANG_ENABLE_OBJC_ARC = YES;
				CLANG_ENABLE_OBJC_WEAK = YES;
				CLANG_WARN_BLOCK_CAPTURE_AUTORELEASING = YES;
				CLANG_WARN_BOOL_CONVERSION = YES;
				CLANG_WARN_COMMA = YES;
				CLANG_WARN_CONSTANT_CONVERSION = YES;
				CLANG_WARN_DEPRECATED_OBJC_IMPLEMENTATIONS = YES;
				CLANG_WARN_DIRECT_OBJC_ISA_USAGE = YES_ERROR;
				CLANG_WARN_DOCUMENTATION_COMMENTS = YES;
				CLANG_WARN_EMPTY_BODY = YES;
				CLANG_WARN_ENUM_CONVERSION = YES;
				CLANG_WARN_INFINITE_RECURSION = YES;
				CLANG_WARN_INT_CONVERSION = YES;
				CLANG_WARN_NON_LITERAL_NULL_CONVERSION = YES;
				CLANG_WARN_OBJC_IMPLICIT_RETAIN_SELF = YES;
				CLANG_WARN_OBJC_LITERAL_CONVERSION = YES;
				CLANG_WARN_OBJC_ROOT_CLASS = YES_ERROR;
				CLANG_WARN_QUOTED_INCLUDE_IN_FRAMEWORK_HEADER = YES;
				CLANG_WARN_RANGE_LOOP_ANALYSIS = YES;
				CLANG_WARN_STRICT_PROTOTYPES = YES;
				CLANG_WARN_SUSPICIOUS_MOVE = YES;
				CLANG_WARN_UNGUARDED_AVAILABILITY = YES_AGGRESSIVE;
				CLANG_WARN_UNREACHABLE_CODE = YES;
				CLANG_WARN__DUPLICATE_METHOD_MATCH = YES;
				COPY_PHASE_STRIP = NO;
				DEBUG_INFORMATION_FORMAT = "dwarf-with-dsym";
				ENABLE_NS_ASSERTIONS = NO;
				ENABLE_STRICT_OBJC_MSGSEND = YES;
				GCC_C_LANGUAGE_STANDARD = gnu11;
				GCC_NO_COMMON_BLOCKS = YES;
				GCC_WARN_64_TO_32_BIT_CONVERSION = YES;
				GCC_WARN_ABOUT_RETURN_TYPE = YES_ERROR;
				GCC_WARN_UNDECLARED_SELECTOR = YES;
				GCC_WARN_UNINITIALIZED_AUTOS = YES_AGGRESSIVE;
				GCC_WARN_UNUSED_FUNCTION = YES;
				GCC_WARN_UNUSED_VARIABLE = YES;
				IPHONEOS_DEPLOYMENT_TARGET = 16.4;
				MTL_ENABLE_DEBUG_INFO = NO;
				MTL_FAST_MATH = YES;
				SDKROOT = iphoneos;
				SWIFT_COMPILATION_MODE = wholemodule;
				SWIFT_OPTIMIZATION_LEVEL = "-O";
				VALIDATE_PRODUCT = YES;
			};
			name = Release;
		};
		65D5BA092A0A2C0300307B35 /* Debug */ = {
			isa = XCBuildConfiguration;
			buildSettings = {
				ASSETCATALOG_COMPILER_APPICON_NAME = AppIcon;
				ASSETCATALOG_COMPILER_GLOBAL_ACCENT_COLOR_NAME = AccentColor;
				CODE_SIGN_STYLE = Automatic;
				CURRENT_PROJECT_VERSION = 1;
				GENERATE_INFOPLIST_FILE = YES;
				INFOPLIST_FILE = "Digital Pantry/Info.plist";
				INFOPLIST_KEY_UIApplicationSupportsIndirectInputEvents = YES;
				INFOPLIST_KEY_UILaunchStoryboardName = LaunchScreen;
				INFOPLIST_KEY_UIMainStoryboardFile = Main;
				INFOPLIST_KEY_UISupportedInterfaceOrientations_iPad = "UIInterfaceOrientationPortrait UIInterfaceOrientationPortraitUpsideDown UIInterfaceOrientationLandscapeLeft UIInterfaceOrientationLandscapeRight";
				INFOPLIST_KEY_UISupportedInterfaceOrientations_iPhone = "UIInterfaceOrientationPortrait UIInterfaceOrientationLandscapeLeft UIInterfaceOrientationLandscapeRight";
				LD_RUNPATH_SEARCH_PATHS = (
					"$(inherited)",
					"@executable_path/Frameworks",
				);
				MARKETING_VERSION = 1.0;
				PRODUCT_BUNDLE_IDENTIFIER = "au.edu.uts.Digital-Pantry";
				PRODUCT_NAME = "$(TARGET_NAME)";
				SWIFT_EMIT_LOC_STRINGS = YES;
				SWIFT_VERSION = 5.0;
				TARGETED_DEVICE_FAMILY = "1,2";
			};
			name = Debug;
		};
		65D5BA0A2A0A2C0300307B35 /* Release */ = {
			isa = XCBuildConfiguration;
			buildSettings = {
				ASSETCATALOG_COMPILER_APPICON_NAME = AppIcon;
				ASSETCATALOG_COMPILER_GLOBAL_ACCENT_COLOR_NAME = AccentColor;
				CODE_SIGN_STYLE = Automatic;
				CURRENT_PROJECT_VERSION = 1;
				GENERATE_INFOPLIST_FILE = YES;
				INFOPLIST_FILE = "Digital Pantry/Info.plist";
				INFOPLIST_KEY_UIApplicationSupportsIndirectInputEvents = YES;
				INFOPLIST_KEY_UILaunchStoryboardName = LaunchScreen;
				INFOPLIST_KEY_UIMainStoryboardFile = Main;
				INFOPLIST_KEY_UISupportedInterfaceOrientations_iPad = "UIInterfaceOrientationPortrait UIInterfaceOrientationPortraitUpsideDown UIInterfaceOrientationLandscapeLeft UIInterfaceOrientationLandscapeRight";
				INFOPLIST_KEY_UISupportedInterfaceOrientations_iPhone = "UIInterfaceOrientationPortrait UIInterfaceOrientationLandscapeLeft UIInterfaceOrientationLandscapeRight";
				LD_RUNPATH_SEARCH_PATHS = (
					"$(inherited)",
					"@executable_path/Frameworks",
				);
				MARKETING_VERSION = 1.0;
				PRODUCT_BUNDLE_IDENTIFIER = "au.edu.uts.Digital-Pantry";
				PRODUCT_NAME = "$(TARGET_NAME)";
				SWIFT_EMIT_LOC_STRINGS = YES;
				SWIFT_VERSION = 5.0;
				TARGETED_DEVICE_FAMILY = "1,2";
			};
			name = Release;
		};
/* End XCBuildConfiguration section */

/* Begin XCConfigurationList section */
		65D5B9EF2A0A2C0100307B35 /* Build configuration list for PBXProject "Digital Pantry" */ = {
			isa = XCConfigurationList;
			buildConfigurations = (
				65D5BA062A0A2C0300307B35 /* Debug */,
				65D5BA072A0A2C0300307B35 /* Release */,
			);
			defaultConfigurationIsVisible = 0;
			defaultConfigurationName = Release;
		};
		65D5BA082A0A2C0300307B35 /* Build configuration list for PBXNativeTarget "Digital Pantry" */ = {
			isa = XCConfigurationList;
			buildConfigurations = (
				65D5BA092A0A2C0300307B35 /* Debug */,
				65D5BA0A2A0A2C0300307B35 /* Release */,
			);
			defaultConfigurationIsVisible = 0;
			defaultConfigurationName = Release;
		};
/* End XCConfigurationList section */

/* Begin XCRemoteSwiftPackageReference section */
		65500B3A2A1365380007F7C9 /* XCRemoteSwiftPackageReference "openai-kit" */ = {
			isa = XCRemoteSwiftPackageReference;
			repositoryURL = "https://github.com/dylanshine/openai-kit.git";
			requirement = {
				kind = upToNextMajorVersion;
				minimumVersion = 1.0.0;
			};
		};
		65500B3F2A136B7F0007F7C9 /* XCRemoteSwiftPackageReference "OpenAISwift" */ = {
			isa = XCRemoteSwiftPackageReference;
			repositoryURL = "https://github.com/adamrushy/OpenAISwift.git";
			requirement = {
				kind = upToNextMajorVersion;
				minimumVersion = 1.0.0;
			};
		};
/* End XCRemoteSwiftPackageReference section */

/* Begin XCSwiftPackageProductDependency section */
		65500B3B2A1365380007F7C9 /* OpenAIKit */ = {
			isa = XCSwiftPackageProductDependency;
			package = 65500B3A2A1365380007F7C9 /* XCRemoteSwiftPackageReference "openai-kit" */;
			productName = OpenAIKit;
		};
		65500B402A136B7F0007F7C9 /* OpenAISwift */ = {
			isa = XCSwiftPackageProductDependency;
			package = 65500B3F2A136B7F0007F7C9 /* XCRemoteSwiftPackageReference "OpenAISwift" */;
			productName = OpenAISwift;
		};
/* End XCSwiftPackageProductDependency section */
	};
	rootObject = 65D5B9EC2A0A2C0100307B35 /* Project object */;
}
